// !$*UTF8*$!
{
	archiveVersion = 1;
	classes = {
	};
	objectVersion = 56;
	objects = {

/* Begin PBXBuildFile section */
		5E62FF1C2C5635FC003FEBAE /* AccountModel.swift in Sources */ = {isa = PBXBuildFile; fileRef = 5E62FF1B2C5635FB003FEBAE /* AccountModel.swift */; };
		5E62FF1E2C563747003FEBAE /* CategoryModel.swift in Sources */ = {isa = PBXBuildFile; fileRef = 5E62FF1D2C563747003FEBAE /* CategoryModel.swift */; };
		5E62FF202C5637DD003FEBAE /* OperationModel.swift in Sources */ = {isa = PBXBuildFile; fileRef = 5E62FF1F2C5637DD003FEBAE /* OperationModel.swift */; };
		5E62FF222C564074003FEBAE /* HomeScreenView.swift in Sources */ = {isa = PBXBuildFile; fileRef = 5E62FF212C564074003FEBAE /* HomeScreenView.swift */; };
		5E9218472C5634E900143EED /* Easy_BudgetApp.swift in Sources */ = {isa = PBXBuildFile; fileRef = 5E9218462C5634E900143EED /* Easy_BudgetApp.swift */; };
		5E92184D2C5634EC00143EED /* Assets.xcassets in Resources */ = {isa = PBXBuildFile; fileRef = 5E92184C2C5634EC00143EED /* Assets.xcassets */; };
		5E9218502C5634EC00143EED /* Preview Assets.xcassets in Resources */ = {isa = PBXBuildFile; fileRef = 5E92184F2C5634EC00143EED /* Preview Assets.xcassets */; };
		5EE5B90D2C56D42200485E46 /* FirstLaunchSettingsView.swift in Sources */ = {isa = PBXBuildFile; fileRef = 5EE5B90C2C56D42200485E46 /* FirstLaunchSettingsView.swift */; };
/* End PBXBuildFile section */

/* Begin PBXFileReference section */
		5E62FF1B2C5635FB003FEBAE /* AccountModel.swift */ = {isa = PBXFileReference; lastKnownFileType = sourcecode.swift; path = AccountModel.swift; sourceTree = "<group>"; };
		5E62FF1D2C563747003FEBAE /* CategoryModel.swift */ = {isa = PBXFileReference; lastKnownFileType = sourcecode.swift; path = CategoryModel.swift; sourceTree = "<group>"; };
		5E62FF1F2C5637DD003FEBAE /* OperationModel.swift */ = {isa = PBXFileReference; lastKnownFileType = sourcecode.swift; path = OperationModel.swift; sourceTree = "<group>"; };
		5E62FF212C564074003FEBAE /* HomeScreenView.swift */ = {isa = PBXFileReference; lastKnownFileType = sourcecode.swift; path = HomeScreenView.swift; sourceTree = "<group>"; };
		5E9218432C5634E900143EED /* Easy Budget.app */ = {isa = PBXFileReference; explicitFileType = wrapper.application; includeInIndex = 0; path = "Easy Budget.app"; sourceTree = BUILT_PRODUCTS_DIR; };
		5E9218462C5634E900143EED /* Easy_BudgetApp.swift */ = {isa = PBXFileReference; lastKnownFileType = sourcecode.swift; path = Easy_BudgetApp.swift; sourceTree = "<group>"; };
		5E92184C2C5634EC00143EED /* Assets.xcassets */ = {isa = PBXFileReference; lastKnownFileType = folder.assetcatalog; path = Assets.xcassets; sourceTree = "<group>"; };
		5E92184F2C5634EC00143EED /* Preview Assets.xcassets */ = {isa = PBXFileReference; lastKnownFileType = folder.assetcatalog; path = "Preview Assets.xcassets"; sourceTree = "<group>"; };
		5EE5B90C2C56D42200485E46 /* FirstLaunchSettingsView.swift */ = {isa = PBXFileReference; lastKnownFileType = sourcecode.swift; path = FirstLaunchSettingsView.swift; sourceTree = "<group>"; };
/* End PBXFileReference section */

/* Begin PBXFrameworksBuildPhase section */
		5E9218402C5634E900143EED /* Frameworks */ = {
			isa = PBXFrameworksBuildPhase;
			buildActionMask = 2147483647;
			files = (
			);
			runOnlyForDeploymentPostprocessing = 0;
		};
/* End PBXFrameworksBuildPhase section */

/* Begin PBXGroup section */
		5E62FF182C563551003FEBAE /* Models */ = {
			isa = PBXGroup;
			children = (
				5E62FF1B2C5635FB003FEBAE /* AccountModel.swift */,
				5E62FF1D2C563747003FEBAE /* CategoryModel.swift */,
				5E62FF1F2C5637DD003FEBAE /* OperationModel.swift */,
			);
			path = Models;
			sourceTree = "<group>";
		};
		5E62FF192C563558003FEBAE /* Assets */ = {
			isa = PBXGroup;
			children = (
			);
			path = Assets;
			sourceTree = "<group>";
		};
		5E62FF1A2C563561003FEBAE /* Views */ = {
			isa = PBXGroup;
			children = (
				5E62FF212C564074003FEBAE /* HomeScreenView.swift */,
				5EE5B90C2C56D42200485E46 /* FirstLaunchSettingsView.swift */,
			);
			path = Views;
			sourceTree = "<group>";
		};
		5E92183A2C5634E900143EED = {
			isa = PBXGroup;
			children = (
				5E9218452C5634E900143EED /* Easy Budget */,
				5E9218442C5634E900143EED /* Products */,
			);
			sourceTree = "<group>";
		};
		5E9218442C5634E900143EED /* Products */ = {
			isa = PBXGroup;
			children = (
				5E9218432C5634E900143EED /* Easy Budget.app */,
			);
			name = Products;
			sourceTree = "<group>";
		};
		5E9218452C5634E900143EED /* Easy Budget */ = {
			isa = PBXGroup;
			children = (
				5E62FF182C563551003FEBAE /* Models */,
				5E62FF1A2C563561003FEBAE /* Views */,
				5E62FF192C563558003FEBAE /* Assets */,
				5E9218462C5634E900143EED /* Easy_BudgetApp.swift */,
				5E92184C2C5634EC00143EED /* Assets.xcassets */,
				5E92184E2C5634EC00143EED /* Preview Content */,
			);
			path = "Easy Budget";
			sourceTree = "<group>";
		};
		5E92184E2C5634EC00143EED /* Preview Content */ = {
			isa = PBXGroup;
			children = (
				5E92184F2C5634EC00143EED /* Preview Assets.xcassets */,
			);
			path = "Preview Content";
			sourceTree = "<group>";
		};
/* End PBXGroup section */

/* Begin PBXNativeTarget section */
		5E9218422C5634E900143EED /* Easy Budget */ = {
			isa = PBXNativeTarget;
			buildConfigurationList = 5E9218532C5634EC00143EED /* Build configuration list for PBXNativeTarget "Easy Budget" */;
			buildPhases = (
				5E92183F2C5634E900143EED /* Sources */,
				5E9218402C5634E900143EED /* Frameworks */,
				5E9218412C5634E900143EED /* Resources */,
			);
			buildRules = (
			);
			dependencies = (
			);
			name = "Easy Budget";
			productName = "Easy Budget";
			productReference = 5E9218432C5634E900143EED /* Easy Budget.app */;
			productType = "com.apple.product-type.application";
		};
/* End PBXNativeTarget section */

/* Begin PBXProject section */
		5E92183B2C5634E900143EED /* Project object */ = {
			isa = PBXProject;
			attributes = {
				BuildIndependentTargetsInParallel = 1;
				LastSwiftUpdateCheck = 1540;
				LastUpgradeCheck = 1540;
				TargetAttributes = {
					5E9218422C5634E900143EED = {
						CreatedOnToolsVersion = 15.4;
					};
				};
			};
			buildConfigurationList = 5E92183E2C5634E900143EED /* Build configuration list for PBXProject "Easy Budget" */;
			compatibilityVersion = "Xcode 14.0";
			developmentRegion = en;
			hasScannedForEncodings = 0;
			knownRegions = (
				en,
				Base,
			);
			mainGroup = 5E92183A2C5634E900143EED;
			productRefGroup = 5E9218442C5634E900143EED /* Products */;
			projectDirPath = "";
			projectRoot = "";
			targets = (
				5E9218422C5634E900143EED /* Easy Budget */,
			);
		};
/* End PBXProject section */

/* Begin PBXResourcesBuildPhase section */
		5E9218412C5634E900143EED /* Resources */ = {
			isa = PBXResourcesBuildPhase;
			buildActionMask = 2147483647;
			files = (
				5E9218502C5634EC00143EED /* Preview Assets.xcassets in Resources */,
				5E92184D2C5634EC00143EED /* Assets.xcassets in Resources */,
			);
			runOnlyForDeploymentPostprocessing = 0;
		};
/* End PBXResourcesBuildPhase section */

/* Begin PBXSourcesBuildPhase section */
		5E92183F2C5634E900143EED /* Sources */ = {
			isa = PBXSourcesBuildPhase;
			buildActionMask = 2147483647;
			files = (
				5E62FF1E2C563747003FEBAE /* CategoryModel.swift in Sources */,
				5EE5B90D2C56D42200485E46 /* FirstLaunchSettingsView.swift in Sources */,
				5E62FF202C5637DD003FEBAE /* OperationModel.swift in Sources */,
				5E62FF222C564074003FEBAE /* HomeScreenView.swift in Sources */,
				5E62FF1C2C5635FC003FEBAE /* AccountModel.swift in Sources */,
				5E9218472C5634E900143EED /* Easy_BudgetApp.swift in Sources */,
			);
			runOnlyForDeploymentPostprocessing = 0;
		};
/* End PBXSourcesBuildPhase section */

/* Begin XCBuildConfiguration section */
		5E9218512C5634EC00143EED /* Debug */ = {
			isa = XCBuildConfiguration;
			buildSettings = {
				ALWAYS_SEARCH_USER_PATHS = NO;
				ASSETCATALOG_COMPILER_GENERATE_SWIFT_ASSET_SYMBOL_EXTENSIONS = YES;
				CLANG_ANALYZER_NONNULL = YES;
				CLANG_ANALYZER_NUMBER_OBJECT_CONVERSION = YES_AGGRESSIVE;
				CLANG_CXX_LANGUAGE_STANDARD = "gnu++20";
				CLANG_ENABLE_MODULES = YES;
				CLANG_ENABLE_OBJC_ARC = YES;
				CLANG_ENABLE_OBJC_WEAK = YES;
				CLANG_WARN_BLOCK_CAPTURE_AUTORELEASING = YES;
				CLANG_WARN_BOOL_CONVERSION = YES;
				CLANG_WARN_COMMA = YES;
				CLANG_WARN_CONSTANT_CONVERSION = YES;
				CLANG_WARN_DEPRECATED_OBJC_IMPLEMENTATIONS = YES;
				CLANG_WARN_DIRECT_OBJC_ISA_USAGE = YES_ERROR;
				CLANG_WARN_DOCUMENTATION_COMMENTS = YES;
				CLANG_WARN_EMPTY_BODY = YES;
				CLANG_WARN_ENUM_CONVERSION = YES;
				CLANG_WARN_INFINITE_RECURSION = YES;
				CLANG_WARN_INT_CONVERSION = YES;
				CLANG_WARN_NON_LITERAL_NULL_CONVERSION = YES;
				CLANG_WARN_OBJC_IMPLICIT_RETAIN_SELF = YES;
				CLANG_WARN_OBJC_LITERAL_CONVERSION = YES;
				CLANG_WARN_OBJC_ROOT_CLASS = YES_ERROR;
				CLANG_WARN_QUOTED_INCLUDE_IN_FRAMEWORK_HEADER = YES;
				CLANG_WARN_RANGE_LOOP_ANALYSIS = YES;
				CLANG_WARN_STRICT_PROTOTYPES = YES;
				CLANG_WARN_SUSPICIOUS_MOVE = YES;
				CLANG_WARN_UNGUARDED_AVAILABILITY = YES_AGGRESSIVE;
				CLANG_WARN_UNREACHABLE_CODE = YES;
				CLANG_WARN__DUPLICATE_METHOD_MATCH = YES;
				COPY_PHASE_STRIP = NO;
				DEBUG_INFORMATION_FORMAT = dwarf;
				ENABLE_STRICT_OBJC_MSGSEND = YES;
				ENABLE_TESTABILITY = YES;
				ENABLE_USER_SCRIPT_SANDBOXING = YES;
				GCC_C_LANGUAGE_STANDARD = gnu17;
				GCC_DYNAMIC_NO_PIC = NO;
				GCC_NO_COMMON_BLOCKS = YES;
				GCC_OPTIMIZATION_LEVEL = 0;
				GCC_PREPROCESSOR_DEFINITIONS = (
					"DEBUG=1",
					"$(inherited)",
				);
				GCC_WARN_64_TO_32_BIT_CONVERSION = YES;
				GCC_WARN_ABOUT_RETURN_TYPE = YES_ERROR;
				GCC_WARN_UNDECLARED_SELECTOR = YES;
				GCC_WARN_UNINITIALIZED_AUTOS = YES_AGGRESSIVE;
				GCC_WARN_UNUSED_FUNCTION = YES;
				GCC_WARN_UNUSED_VARIABLE = YES;
				IPHONEOS_DEPLOYMENT_TARGET = 17.5;
				LOCALIZATION_PREFERS_STRING_CATALOGS = YES;
				MTL_ENABLE_DEBUG_INFO = INCLUDE_SOURCE;
				MTL_FAST_MATH = YES;
				ONLY_ACTIVE_ARCH = YES;
				SDKROOT = iphoneos;
				SWIFT_ACTIVE_COMPILATION_CONDITIONS = "DEBUG $(inherited)";
				SWIFT_OPTIMIZATION_LEVEL = "-Onone";
			};
			name = Debug;
		};
		5E9218522C5634EC00143EED /* Release */ = {
			isa = XCBuildConfiguration;
			buildSettings = {
				ALWAYS_SEARCH_USER_PATHS = NO;
				ASSETCATALOG_COMPILER_GENERATE_SWIFT_ASSET_SYMBOL_EXTENSIONS = YES;
				CLANG_ANALYZER_NONNULL = YES;
				CLANG_ANALYZER_NUMBER_OBJECT_CONVERSION = YES_AGGRESSIVE;
				CLANG_CXX_LANGUAGE_STANDARD = "gnu++20";
				CLANG_ENABLE_MODULES = YES;
				CLANG_ENABLE_OBJC_ARC = YES;
				CLANG_ENABLE_OBJC_WEAK = YES;
				CLANG_WARN_BLOCK_CAPTURE_AUTORELEASING = YES;
				CLANG_WARN_BOOL_CONVERSION = YES;
				CLANG_WARN_COMMA = YES;
				CLANG_WARN_CONSTANT_CONVERSION = YES;
				CLANG_WARN_DEPRECATED_OBJC_IMPLEMENTATIONS = YES;
				CLANG_WARN_DIRECT_OBJC_ISA_USAGE = YES_ERROR;
				CLANG_WARN_DOCUMENTATION_COMMENTS = YES;
				CLANG_WARN_EMPTY_BODY = YES;
				CLANG_WARN_ENUM_CONVERSION = YES;
				CLANG_WARN_INFINITE_RECURSION = YES;
				CLANG_WARN_INT_CONVERSION = YES;
				CLANG_WARN_NON_LITERAL_NULL_CONVERSION = YES;
				CLANG_WARN_OBJC_IMPLICIT_RETAIN_SELF = YES;
				CLANG_WARN_OBJC_LITERAL_CONVERSION = YES;
				CLANG_WARN_OBJC_ROOT_CLASS = YES_ERROR;
				CLANG_WARN_QUOTED_INCLUDE_IN_FRAMEWORK_HEADER = YES;
				CLANG_WARN_RANGE_LOOP_ANALYSIS = YES;
				CLANG_WARN_STRICT_PROTOTYPES = YES;
				CLANG_WARN_SUSPICIOUS_MOVE = YES;
				CLANG_WARN_UNGUARDED_AVAILABILITY = YES_AGGRESSIVE;
				CLANG_WARN_UNREACHABLE_CODE = YES;
				CLANG_WARN__DUPLICATE_METHOD_MATCH = YES;
				COPY_PHASE_STRIP = NO;
				DEBUG_INFORMATION_FORMAT = "dwarf-with-dsym";
				ENABLE_NS_ASSERTIONS = NO;
				ENABLE_STRICT_OBJC_MSGSEND = YES;
				ENABLE_USER_SCRIPT_SANDBOXING = YES;
				GCC_C_LANGUAGE_STANDARD = gnu17;
				GCC_NO_COMMON_BLOCKS = YES;
				GCC_WARN_64_TO_32_BIT_CONVERSION = YES;
				GCC_WARN_ABOUT_RETURN_TYPE = YES_ERROR;
				GCC_WARN_UNDECLARED_SELECTOR = YES;
				GCC_WARN_UNINITIALIZED_AUTOS = YES_AGGRESSIVE;
				GCC_WARN_UNUSED_FUNCTION = YES;
				GCC_WARN_UNUSED_VARIABLE = YES;
				IPHONEOS_DEPLOYMENT_TARGET = 17.5;
				LOCALIZATION_PREFERS_STRING_CATALOGS = YES;
				MTL_ENABLE_DEBUG_INFO = NO;
				MTL_FAST_MATH = YES;
				SDKROOT = iphoneos;
				SWIFT_COMPILATION_MODE = wholemodule;
				VALIDATE_PRODUCT = YES;
			};
			name = Release;
		};
		5E9218542C5634EC00143EED /* Debug */ = {
			isa = XCBuildConfiguration;
			buildSettings = {
				ASSETCATALOG_COMPILER_APPICON_NAME = AppIcon;
				ASSETCATALOG_COMPILER_GLOBAL_ACCENT_COLOR_NAME = AccentColor;
				CODE_SIGN_STYLE = Automatic;
				CURRENT_PROJECT_VERSION = 1;
				DEVELOPMENT_ASSET_PATHS = "\"Easy Budget/Preview Content\"";
				DEVELOPMENT_TEAM = BDHB667Z99;
				ENABLE_PREVIEWS = YES;
				GENERATE_INFOPLIST_FILE = YES;
				INFOPLIST_KEY_UIApplicationSceneManifest_Generation = YES;
				INFOPLIST_KEY_UIApplicationSupportsIndirectInputEvents = YES;
				INFOPLIST_KEY_UILaunchScreen_Generation = YES;
				INFOPLIST_KEY_UISupportedInterfaceOrientations_iPad = "UIInterfaceOrientationPortrait UIInterfaceOrientationPortraitUpsideDown UIInterfaceOrientationLandscapeLeft UIInterfaceOrientationLandscapeRight";
				INFOPLIST_KEY_UISupportedInterfaceOrientations_iPhone = "UIInterfaceOrientationPortrait UIInterfaceOrientationLandscapeLeft UIInterfaceOrientationLandscapeRight";
				LD_RUNPATH_SEARCH_PATHS = (
					"$(inherited)",
					"@executable_path/Frameworks",
				);
				MARKETING_VERSION = 1.0;
				PRODUCT_BUNDLE_IDENTIFIER = "Vladislav.Easy-Budget";
				PRODUCT_NAME = "$(TARGET_NAME)";
				SWIFT_EMIT_LOC_STRINGS = YES;
				SWIFT_VERSION = 5.0;
				TARGETED_DEVICE_FAMILY = "1,2";
			};
			name = Debug;
		};
		5E9218552C5634EC00143EED /* Release */ = {
			isa = XCBuildConfiguration;
			buildSettings = {
				ASSETCATALOG_COMPILER_APPICON_NAME = AppIcon;
				ASSETCATALOG_COMPILER_GLOBAL_ACCENT_COLOR_NAME = AccentColor;
				CODE_SIGN_STYLE = Automatic;
				CURRENT_PROJECT_VERSION = 1;
				DEVELOPMENT_ASSET_PATHS = "\"Easy Budget/Preview Content\"";
				DEVELOPMENT_TEAM = BDHB667Z99;
				ENABLE_PREVIEWS = YES;
				GENERATE_INFOPLIST_FILE = YES;
				INFOPLIST_KEY_UIApplicationSceneManifest_Generation = YES;
				INFOPLIST_KEY_UIApplicationSupportsIndirectInputEvents = YES;
				INFOPLIST_KEY_UILaunchScreen_Generation = YES;
				INFOPLIST_KEY_UISupportedInterfaceOrientations_iPad = "UIInterfaceOrientationPortrait UIInterfaceOrientationPortraitUpsideDown UIInterfaceOrientationLandscapeLeft UIInterfaceOrientationLandscapeRight";
				INFOPLIST_KEY_UISupportedInterfaceOrientations_iPhone = "UIInterfaceOrientationPortrait UIInterfaceOrientationLandscapeLeft UIInterfaceOrientationLandscapeRight";
				LD_RUNPATH_SEARCH_PATHS = (
					"$(inherited)",
					"@executable_path/Frameworks",
				);
				MARKETING_VERSION = 1.0;
				PRODUCT_BUNDLE_IDENTIFIER = "Vladislav.Easy-Budget";
				PRODUCT_NAME = "$(TARGET_NAME)";
				SWIFT_EMIT_LOC_STRINGS = YES;
				SWIFT_VERSION = 5.0;
				TARGETED_DEVICE_FAMILY = "1,2";
			};
			name = Release;
		};
/* End XCBuildConfiguration section */

/* Begin XCConfigurationList section */
		5E92183E2C5634E900143EED /* Build configuration list for PBXProject "Easy Budget" */ = {
			isa = XCConfigurationList;
			buildConfigurations = (
				5E9218512C5634EC00143EED /* Debug */,
				5E9218522C5634EC00143EED /* Release */,
			);
			defaultConfigurationIsVisible = 0;
			defaultConfigurationName = Release;
		};
		5E9218532C5634EC00143EED /* Build configuration list for PBXNativeTarget "Easy Budget" */ = {
			isa = XCConfigurationList;
			buildConfigurations = (
				5E9218542C5634EC00143EED /* Debug */,
				5E9218552C5634EC00143EED /* Release */,
			);
			defaultConfigurationIsVisible = 0;
			defaultConfigurationName = Release;
		};
/* End XCConfigurationList section */
	};
	rootObject = 5E92183B2C5634E900143EED /* Project object */;
}
